
Microsoft Visual Studio Solution File, Format Version 12.00
# Visual Studio 15
VisualStudioVersion = 15.0.28307.438
MinimumVisualStudioVersion = 10.0.40219.1
Project("{FAE04EC0-301F-11D3-BF4B-00C04F79EFBC}") = "EventToCommand.Android", "EventToCommand\EventToCommand.Android\EventToCommand.Android.csproj", "{61D64D5E-DAB9-4530-B407-81768F4E38E9}"
EndProject
Project("{FAE04EC0-301F-11D3-BF4B-00C04F79EFBC}") = "EventToCommand.iOS", "EventToCommand\EventToCommand.iOS\EventToCommand.iOS.csproj", "{16912356-FD33-471B-A35F-05D2AD129B1C}"
EndProject
Project("{FAE04EC0-301F-11D3-BF4B-00C04F79EFBC}") = "EventToCommand.UWP", "EventToCommand\EventToCommand.UWP\EventToCommand.UWP.csproj", "{45AA0517-7F7D-4F6C-B0B6-05012261B324}"
EndProject
Project("{FAE04EC0-301F-11D3-BF4B-00C04F79EFBC}") = "EventToCommand", "EventToCommand\EventToCommand\EventToCommand.csproj", "{FE4348CE-06C7-4A08-8EA5-A37849745652}"
EndProject
Global
	GlobalSection(SolutionConfigurationPlatforms) = preSolution
		Ad-Hoc|Any CPU = Ad-Hoc|Any CPU
		Ad-Hoc|ARM = Ad-Hoc|ARM
		Ad-Hoc|iPhone = Ad-Hoc|iPhone
		Ad-Hoc|iPhoneSimulator = Ad-Hoc|iPhoneSimulator
		Ad-Hoc|x64 = Ad-Hoc|x64
		Ad-Hoc|x86 = Ad-Hoc|x86
		AppStore|Any CPU = AppStore|Any CPU
		AppStore|ARM = AppStore|ARM
		AppStore|iPhone = AppStore|iPhone
		AppStore|iPhoneSimulator = AppStore|iPhoneSimulator
		AppStore|x64 = AppStore|x64
		AppStore|x86 = AppStore|x86
		Debug|Any CPU = Debug|Any CPU
		Debug|ARM = Debug|ARM
		Debug|iPhone = Debug|iPhone
		Debug|iPhoneSimulator = Debug|iPhoneSimulator
		Debug|x64 = Debug|x64
		Debug|x86 = Debug|x86
		Release|Any CPU = Release|Any CPU
		Release|ARM = Release|ARM
		Release|iPhone = Release|iPhone
		Release|iPhoneSimulator = Release|iPhoneSimulator
		Release|x64 = Release|x64
		Release|x86 = Release|x86
	EndGlobalSection
	GlobalSection(ProjectConfigurationPlatforms) = postSolution
		{61D64D5E-DAB9-4530-B407-81768F4E38E9}.Ad-Hoc|Any CPU.ActiveCfg = Release|Any CPU
		{61D64D5E-DAB9-4530-B407-81768F4E38E9}.Ad-Hoc|Any CPU.Build.0 = Release|Any CPU
		{61D64D5E-DAB9-4530-B407-81768F4E38E9}.Ad-Hoc|Any CPU.Deploy.0 = Release|Any CPU
		{61D64D5E-DAB9-4530-B407-81768F4E38E9}.Ad-Hoc|ARM.ActiveCfg = Release|Any CPU
		{61D64D5E-DAB9-4530-B407-81768F4E38E9}.Ad-Hoc|ARM.Build.0 = Release|Any CPU
		{61D64D5E-DAB9-4530-B407-81768F4E38E9}.Ad-Hoc|ARM.Deploy.0 = Release|Any CPU
		{61D64D5E-DAB9-4530-B407-81768F4E38E9}.Ad-Hoc|iPhone.ActiveCfg = Release|Any CPU
		{61D64D5E-DAB9-4530-B407-81768F4E38E9}.Ad-Hoc|iPhone.Build.0 = Release|Any CPU
		{61D64D5E-DAB9-4530-B407-81768F4E38E9}.Ad-Hoc|iPhone.Deploy.0 = Release|Any CPU
		{61D64D5E-DAB9-4530-B407-81768F4E38E9}.Ad-Hoc|iPhoneSimulator.ActiveCfg = Release|Any CPU
		{61D64D5E-DAB9-4530-B407-81768F4E38E9}.Ad-Hoc|iPhoneSimulator.Build.0 = Release|Any CPU
		{61D64D5E-DAB9-4530-B407-81768F4E38E9}.Ad-Hoc|iPhoneSimulator.Deploy.0 = Release|Any CPU
		{61D64D5E-DAB9-4530-B407-81768F4E38E9}.Ad-Hoc|x64.ActiveCfg = Release|Any CPU
		{61D64D5E-DAB9-4530-B407-81768F4E38E9}.Ad-Hoc|x64.Build.0 = Release|Any CPU
		{61D64D5E-DAB9-4530-B407-81768F4E38E9}.Ad-Hoc|x64.Deploy.0 = Release|Any CPU
		{61D64D5E-DAB9-4530-B407-81768F4E38E9}.Ad-Hoc|x86.ActiveCfg = Release|Any CPU
		{61D64D5E-DAB9-4530-B407-81768F4E38E9}.Ad-Hoc|x86.Build.0 = Release|Any CPU
		{61D64D5E-DAB9-4530-B407-81768F4E38E9}.Ad-Hoc|x86.Deploy.0 = Release|Any CPU
		{61D64D5E-DAB9-4530-B407-81768F4E38E9}.AppStore|Any CPU.ActiveCfg = Release|Any CPU
		{61D64D5E-DAB9-4530-B407-81768F4E38E9}.AppStore|Any CPU.Build.0 = Release|Any CPU
		{61D64D5E-DAB9-4530-B407-81768F4E38E9}.AppStore|Any CPU.Deploy.0 = Release|Any CPU
		{61D64D5E-DAB9-4530-B407-81768F4E38E9}.AppStore|ARM.ActiveCfg = Release|Any CPU
		{61D64D5E-DAB9-4530-B407-81768F4E38E9}.AppStore|ARM.Build.0 = Release|Any CPU
		{61D64D5E-DAB9-4530-B407-81768F4E38E9}.AppStore|ARM.Deploy.0 = Release|Any CPU
		{61D64D5E-DAB9-4530-B407-81768F4E38E9}.AppStore|iPhone.ActiveCfg = Release|Any CPU
		{61D64D5E-DAB9-4530-B407-81768F4E38E9}.AppStore|iPhone.Build.0 = Release|Any CPU
		{61D64D5E-DAB9-4530-B407-81768F4E38E9}.AppStore|iPhone.Deploy.0 = Release|Any CPU
		{61D64D5E-DAB9-4530-B407-81768F4E38E9}.AppStore|iPhoneSimulator.ActiveCfg = Release|Any CPU
		{61D64D5E-DAB9-4530-B407-81768F4E38E9}.AppStore|iPhoneSimulator.Build.0 = Release|Any CPU
		{61D64D5E-DAB9-4530-B407-81768F4E38E9}.AppStore|iPhoneSimulator.Deploy.0 = Release|Any CPU
		{61D64D5E-DAB9-4530-B407-81768F4E38E9}.AppStore|x64.ActiveCfg = Release|Any CPU
		{61D64D5E-DAB9-4530-B407-81768F4E38E9}.AppStore|x64.Build.0 = Release|Any CPU
		{61D64D5E-DAB9-4530-B407-81768F4E38E9}.AppStore|x64.Deploy.0 = Release|Any CPU
		{61D64D5E-DAB9-4530-B407-81768F4E38E9}.AppStore|x86.ActiveCfg = Release|Any CPU
		{61D64D5E-DAB9-4530-B407-81768F4E38E9}.AppStore|x86.Build.0 = Release|Any CPU
		{61D64D5E-DAB9-4530-B407-81768F4E38E9}.AppStore|x86.Deploy.0 = Release|Any CPU
		{61D64D5E-DAB9-4530-B407-81768F4E38E9}.Debug|Any CPU.ActiveCfg = Debug|Any CPU
		{61D64D5E-DAB9-4530-B407-81768F4E38E9}.Debug|Any CPU.Build.0 = Debug|Any CPU
		{61D64D5E-DAB9-4530-B407-81768F4E38E9}.Debug|Any CPU.Deploy.0 = Debug|Any CPU
		{61D64D5E-DAB9-4530-B407-81768F4E38E9}.Debug|ARM.ActiveCfg = Debug|Any CPU
		{61D64D5E-DAB9-4530-B407-81768F4E38E9}.Debug|ARM.Build.0 = Debug|Any CPU
		{61D64D5E-DAB9-4530-B407-81768F4E38E9}.Debug|ARM.Deploy.0 = Debug|Any CPU
		{61D64D5E-DAB9-4530-B407-81768F4E38E9}.Debug|iPhone.ActiveCfg = Debug|Any CPU
		{61D64D5E-DAB9-4530-B407-81768F4E38E9}.Debug|iPhone.Build.0 = Debug|Any CPU
		{61D64D5E-DAB9-4530-B407-81768F4E38E9}.Debug|iPhone.Deploy.0 = Debug|Any CPU
		{61D64D5E-DAB9-4530-B407-81768F4E38E9}.Debug|iPhoneSimulator.ActiveCfg = Debug|Any CPU
		{61D64D5E-DAB9-4530-B407-81768F4E38E9}.Debug|iPhoneSimulator.Build.0 = Debug|Any CPU
		{61D64D5E-DAB9-4530-B407-81768F4E38E9}.Debug|iPhoneSimulator.Deploy.0 = Debug|Any CPU
		{61D64D5E-DAB9-4530-B407-81768F4E38E9}.Debug|x64.ActiveCfg = Debug|Any CPU
		{61D64D5E-DAB9-4530-B407-81768F4E38E9}.Debug|x64.Build.0 = Debug|Any CPU
		{61D64D5E-DAB9-4530-B407-81768F4E38E9}.Debug|x64.Deploy.0 = Debug|Any CPU
		{61D64D5E-DAB9-4530-B407-81768F4E38E9}.Debug|x86.ActiveCfg = Debug|Any CPU
		{61D64D5E-DAB9-4530-B407-81768F4E38E9}.Debug|x86.Build.0 = Debug|Any CPU
		{61D64D5E-DAB9-4530-B407-81768F4E38E9}.Debug|x86.Deploy.0 = Debug|Any CPU
		{61D64D5E-DAB9-4530-B407-81768F4E38E9}.Release|Any CPU.ActiveCfg = Release|Any CPU
		{61D64D5E-DAB9-4530-B407-81768F4E38E9}.Release|Any CPU.Build.0 = Release|Any CPU
		{61D64D5E-DAB9-4530-B407-81768F4E38E9}.Release|Any CPU.Deploy.0 = Release|Any CPU
		{61D64D5E-DAB9-4530-B407-81768F4E38E9}.Release|ARM.ActiveCfg = Release|Any CPU
		{61D64D5E-DAB9-4530-B407-81768F4E38E9}.Release|ARM.Build.0 = Release|Any CPU
		{61D64D5E-DAB9-4530-B407-81768F4E38E9}.Release|ARM.Deploy.0 = Release|Any CPU
		{61D64D5E-DAB9-4530-B407-81768F4E38E9}.Release|iPhone.ActiveCfg = Release|Any CPU
		{61D64D5E-DAB9-4530-B407-81768F4E38E9}.Release|iPhone.Build.0 = Release|Any CPU
		{61D64D5E-DAB9-4530-B407-81768F4E38E9}.Release|iPhone.Deploy.0 = Release|Any CPU
		{61D64D5E-DAB9-4530-B407-81768F4E38E9}.Release|iPhoneSimulator.ActiveCfg = Release|Any CPU
		{61D64D5E-DAB9-4530-B407-81768F4E38E9}.Release|iPhoneSimulator.Build.0 = Release|Any CPU
		{61D64D5E-DAB9-4530-B407-81768F4E38E9}.Release|iPhoneSimulator.Deploy.0 = Release|Any CPU
		{61D64D5E-DAB9-4530-B407-81768F4E38E9}.Release|x64.ActiveCfg = Release|Any CPU
		{61D64D5E-DAB9-4530-B407-81768F4E38E9}.Release|x64.Build.0 = Release|Any CPU
		{61D64D5E-DAB9-4530-B407-81768F4E38E9}.Release|x64.Deploy.0 = Release|Any CPU
		{61D64D5E-DAB9-4530-B407-81768F4E38E9}.Release|x86.ActiveCfg = Release|Any CPU
		{61D64D5E-DAB9-4530-B407-81768F4E38E9}.Release|x86.Build.0 = Release|Any CPU
		{61D64D5E-DAB9-4530-B407-81768F4E38E9}.Release|x86.Deploy.0 = Release|Any CPU
		{16912356-FD33-471B-A35F-05D2AD129B1C}.Ad-Hoc|Any CPU.ActiveCfg = Ad-Hoc|iPhone
		{16912356-FD33-471B-A35F-05D2AD129B1C}.Ad-Hoc|Any CPU.Build.0 = Ad-Hoc|iPhone
		{16912356-FD33-471B-A35F-05D2AD129B1C}.Ad-Hoc|Any CPU.Deploy.0 = Ad-Hoc|iPhone
		{16912356-FD33-471B-A35F-05D2AD129B1C}.Ad-Hoc|ARM.ActiveCfg = Ad-Hoc|iPhone
		{16912356-FD33-471B-A35F-05D2AD129B1C}.Ad-Hoc|ARM.Build.0 = Ad-Hoc|iPhone
		{16912356-FD33-471B-A35F-05D2AD129B1C}.Ad-Hoc|ARM.Deploy.0 = Ad-Hoc|iPhone
		{16912356-FD33-471B-A35F-05D2AD129B1C}.Ad-Hoc|iPhone.ActiveCfg = Ad-Hoc|iPhone
		{16912356-FD33-471B-A35F-05D2AD129B1C}.Ad-Hoc|iPhone.Build.0 = Ad-Hoc|iPhone
		{16912356-FD33-471B-A35F-05D2AD129B1C}.Ad-Hoc|iPhone.Deploy.0 = Ad-Hoc|iPhone
		{16912356-FD33-471B-A35F-05D2AD129B1C}.Ad-Hoc|iPhoneSimulator.ActiveCfg = Ad-Hoc|iPhoneSimulator
		{16912356-FD33-471B-A35F-05D2AD129B1C}.Ad-Hoc|iPhoneSimulator.Build.0 = Ad-Hoc|iPhoneSimulator
		{16912356-FD33-471B-A35F-05D2AD129B1C}.Ad-Hoc|iPhoneSimulator.Deploy.0 = Ad-Hoc|iPhoneSimulator
		{16912356-FD33-471B-A35F-05D2AD129B1C}.Ad-Hoc|x64.ActiveCfg = Ad-Hoc|iPhone
		{16912356-FD33-471B-A35F-05D2AD129B1C}.Ad-Hoc|x64.Build.0 = Ad-Hoc|iPhone
		{16912356-FD33-471B-A35F-05D2AD129B1C}.Ad-Hoc|x64.Deploy.0 = Ad-Hoc|iPhone
		{16912356-FD33-471B-A35F-05D2AD129B1C}.Ad-Hoc|x86.ActiveCfg = Ad-Hoc|iPhone
		{16912356-FD33-471B-A35F-05D2AD129B1C}.Ad-Hoc|x86.Build.0 = Ad-Hoc|iPhone
		{16912356-FD33-471B-A35F-05D2AD129B1C}.Ad-Hoc|x86.Deploy.0 = Ad-Hoc|iPhone
		{16912356-FD33-471B-A35F-05D2AD129B1C}.AppStore|Any CPU.ActiveCfg = AppStore|iPhone
		{16912356-FD33-471B-A35F-05D2AD129B1C}.AppStore|Any CPU.Build.0 = AppStore|iPhone
		{16912356-FD33-471B-A35F-05D2AD129B1C}.AppStore|Any CPU.Deploy.0 = AppStore|iPhone
		{16912356-FD33-471B-A35F-05D2AD129B1C}.AppStore|ARM.ActiveCfg = AppStore|iPhone
		{16912356-FD33-471B-A35F-05D2AD129B1C}.AppStore|ARM.Build.0 = AppStore|iPhone
		{16912356-FD33-471B-A35F-05D2AD129B1C}.AppStore|ARM.Deploy.0 = AppStore|iPhone
		{16912356-FD33-471B-A35F-05D2AD129B1C}.AppStore|iPhone.ActiveCfg = AppStore|iPhone
		{16912356-FD33-471B-A35F-05D2AD129B1C}.AppStore|iPhone.Build.0 = AppStore|iPhone
		{16912356-FD33-471B-A35F-05D2AD129B1C}.AppStore|iPhone.Deploy.0 = AppStore|iPhone
		{16912356-FD33-471B-A35F-05D2AD129B1C}.AppStore|iPhoneSimulator.ActiveCfg = AppStore|iPhoneSimulator
		{16912356-FD33-471B-A35F-05D2AD129B1C}.AppStore|iPhoneSimulator.Build.0 = AppStore|iPhoneSimulator
		{16912356-FD33-471B-A35F-05D2AD129B1C}.AppStore|iPhoneSimulator.Deploy.0 = AppStore|iPhoneSimulator
		{16912356-FD33-471B-A35F-05D2AD129B1C}.AppStore|x64.ActiveCfg = AppStore|iPhone
		{16912356-FD33-471B-A35F-05D2AD129B1C}.AppStore|x64.Build.0 = AppStore|iPhone
		{16912356-FD33-471B-A35F-05D2AD129B1C}.AppStore|x64.Deploy.0 = AppStore|iPhone
		{16912356-FD33-471B-A35F-05D2AD129B1C}.AppStore|x86.ActiveCfg = AppStore|iPhone
		{16912356-FD33-471B-A35F-05D2AD129B1C}.AppStore|x86.Build.0 = AppStore|iPhone
		{16912356-FD33-471B-A35F-05D2AD129B1C}.AppStore|x86.Deploy.0 = AppStore|iPhone
		{16912356-FD33-471B-A35F-05D2AD129B1C}.Debug|Any CPU.ActiveCfg = Debug|iPhoneSimulator
		{16912356-FD33-471B-A35F-05D2AD129B1C}.Debug|Any CPU.Build.0 = Debug|iPhoneSimulator
		{16912356-FD33-471B-A35F-05D2AD129B1C}.Debug|Any CPU.Deploy.0 = Debug|iPhoneSimulator
		{16912356-FD33-471B-A35F-05D2AD129B1C}.Debug|ARM.ActiveCfg = Debug|iPhone
		{16912356-FD33-471B-A35F-05D2AD129B1C}.Debug|ARM.Build.0 = Debug|iPhone
		{16912356-FD33-471B-A35F-05D2AD129B1C}.Debug|ARM.Deploy.0 = Debug|iPhone
		{16912356-FD33-471B-A35F-05D2AD129B1C}.Debug|iPhone.ActiveCfg = Debug|iPhone
		{16912356-FD33-471B-A35F-05D2AD129B1C}.Debug|iPhone.Build.0 = Debug|iPhone
		{16912356-FD33-471B-A35F-05D2AD129B1C}.Debug|iPhone.Deploy.0 = Debug|iPhone
		{16912356-FD33-471B-A35F-05D2AD129B1C}.Debug|iPhoneSimulator.ActiveCfg = Debug|iPhoneSimulator
		{16912356-FD33-471B-A35F-05D2AD129B1C}.Debug|iPhoneSimulator.Build.0 = Debug|iPhoneSimulator
		{16912356-FD33-471B-A35F-05D2AD129B1C}.Debug|iPhoneSimulator.Deploy.0 = Debug|iPhoneSimulator
		{16912356-FD33-471B-A35F-05D2AD129B1C}.Debug|x64.ActiveCfg = Debug|iPhone
		{16912356-FD33-471B-A35F-05D2AD129B1C}.Debug|x64.Build.0 = Debug|iPhone
		{16912356-FD33-471B-A35F-05D2AD129B1C}.Debug|x64.Deploy.0 = Debug|iPhone
		{16912356-FD33-471B-A35F-05D2AD129B1C}.Debug|x86.ActiveCfg = Debug|iPhone
		{16912356-FD33-471B-A35F-05D2AD129B1C}.Debug|x86.Build.0 = Debug|iPhone
		{16912356-FD33-471B-A35F-05D2AD129B1C}.Debug|x86.Deploy.0 = Debug|iPhone
		{16912356-FD33-471B-A35F-05D2AD129B1C}.Release|Any CPU.ActiveCfg = Release|iPhone
		{16912356-FD33-471B-A35F-05D2AD129B1C}.Release|Any CPU.Build.0 = Release|iPhone
		{16912356-FD33-471B-A35F-05D2AD129B1C}.Release|Any CPU.Deploy.0 = Release|iPhone
		{16912356-FD33-471B-A35F-05D2AD129B1C}.Release|ARM.ActiveCfg = Release|iPhone
		{16912356-FD33-471B-A35F-05D2AD129B1C}.Release|ARM.Build.0 = Release|iPhone
		{16912356-FD33-471B-A35F-05D2AD129B1C}.Release|ARM.Deploy.0 = Release|iPhone
		{16912356-FD33-471B-A35F-05D2AD129B1C}.Release|iPhone.ActiveCfg = Release|iPhone
		{16912356-FD33-471B-A35F-05D2AD129B1C}.Release|iPhone.Build.0 = Release|iPhone
		{16912356-FD33-471B-A35F-05D2AD129B1C}.Release|iPhone.Deploy.0 = Release|iPhone
		{16912356-FD33-471B-A35F-05D2AD129B1C}.Release|iPhoneSimulator.ActiveCfg = Release|iPhoneSimulator
		{16912356-FD33-471B-A35F-05D2AD129B1C}.Release|iPhoneSimulator.Build.0 = Release|iPhoneSimulator
		{16912356-FD33-471B-A35F-05D2AD129B1C}.Release|iPhoneSimulator.Deploy.0 = Release|iPhoneSimulator
		{16912356-FD33-471B-A35F-05D2AD129B1C}.Release|x64.ActiveCfg = Release|iPhone
		{16912356-FD33-471B-A35F-05D2AD129B1C}.Release|x64.Build.0 = Release|iPhone
		{16912356-FD33-471B-A35F-05D2AD129B1C}.Release|x64.Deploy.0 = Release|iPhone
		{16912356-FD33-471B-A35F-05D2AD129B1C}.Release|x86.ActiveCfg = Release|iPhone
		{16912356-FD33-471B-A35F-05D2AD129B1C}.Release|x86.Build.0 = Release|iPhone
		{16912356-FD33-471B-A35F-05D2AD129B1C}.Release|x86.Deploy.0 = Release|iPhone
		{45AA0517-7F7D-4F6C-B0B6-05012261B324}.Ad-Hoc|Any CPU.ActiveCfg = Release|x86
		{45AA0517-7F7D-4F6C-B0B6-05012261B324}.Ad-Hoc|Any CPU.Build.0 = Release|x86
		{45AA0517-7F7D-4F6C-B0B6-05012261B324}.Ad-Hoc|Any CPU.Deploy.0 = Release|x86
		{45AA0517-7F7D-4F6C-B0B6-05012261B324}.Ad-Hoc|ARM.ActiveCfg = Release|ARM
		{45AA0517-7F7D-4F6C-B0B6-05012261B324}.Ad-Hoc|ARM.Build.0 = Release|ARM
		{45AA0517-7F7D-4F6C-B0B6-05012261B324}.Ad-Hoc|ARM.Deploy.0 = Release|ARM
		{45AA0517-7F7D-4F6C-B0B6-05012261B324}.Ad-Hoc|iPhone.ActiveCfg = Release|x86
		{45AA0517-7F7D-4F6C-B0B6-05012261B324}.Ad-Hoc|iPhone.Build.0 = Release|x86
		{45AA0517-7F7D-4F6C-B0B6-05012261B324}.Ad-Hoc|iPhone.Deploy.0 = Release|x86
		{45AA0517-7F7D-4F6C-B0B6-05012261B324}.Ad-Hoc|iPhoneSimulator.ActiveCfg = Release|x86
		{45AA0517-7F7D-4F6C-B0B6-05012261B324}.Ad-Hoc|iPhoneSimulator.Build.0 = Release|x86
		{45AA0517-7F7D-4F6C-B0B6-05012261B324}.Ad-Hoc|iPhoneSimulator.Deploy.0 = Release|x86
		{45AA0517-7F7D-4F6C-B0B6-05012261B324}.Ad-Hoc|x64.ActiveCfg = Release|x64
		{45AA0517-7F7D-4F6C-B0B6-05012261B324}.Ad-Hoc|x64.Build.0 = Release|x64
		{45AA0517-7F7D-4F6C-B0B6-05012261B324}.Ad-Hoc|x64.Deploy.0 = Release|x64
		{45AA0517-7F7D-4F6C-B0B6-05012261B324}.Ad-Hoc|x86.ActiveCfg = Release|x86
		{45AA0517-7F7D-4F6C-B0B6-05012261B324}.Ad-Hoc|x86.Build.0 = Release|x86
		{45AA0517-7F7D-4F6C-B0B6-05012261B324}.Ad-Hoc|x86.Deploy.0 = Release|x86
		{45AA0517-7F7D-4F6C-B0B6-05012261B324}.AppStore|Any CPU.ActiveCfg = Release|x86
		{45AA0517-7F7D-4F6C-B0B6-05012261B324}.AppStore|Any CPU.Build.0 = Release|x86
		{45AA0517-7F7D-4F6C-B0B6-05012261B324}.AppStore|Any CPU.Deploy.0 = Release|x86
		{45AA0517-7F7D-4F6C-B0B6-05012261B324}.AppStore|ARM.ActiveCfg = Release|ARM
		{45AA0517-7F7D-4F6C-B0B6-05012261B324}.AppStore|ARM.Build.0 = Release|ARM
		{45AA0517-7F7D-4F6C-B0B6-05012261B324}.AppStore|ARM.Deploy.0 = Release|ARM
		{45AA0517-7F7D-4F6C-B0B6-05012261B324}.AppStore|iPhone.ActiveCfg = Release|x86
		{45AA0517-7F7D-4F6C-B0B6-05012261B324}.AppStore|iPhone.Build.0 = Release|x86
		{45AA0517-7F7D-4F6C-B0B6-05012261B324}.AppStore|iPhone.Deploy.0 = Release|x86
		{45AA0517-7F7D-4F6C-B0B6-05012261B324}.AppStore|iPhoneSimulator.ActiveCfg = Release|x86
		{45AA0517-7F7D-4F6C-B0B6-05012261B324}.AppStore|iPhoneSimulator.Build.0 = Release|x86
		{45AA0517-7F7D-4F6C-B0B6-05012261B324}.AppStore|iPhoneSimulator.Deploy.0 = Release|x86
		{45AA0517-7F7D-4F6C-B0B6-05012261B324}.AppStore|x64.ActiveCfg = Release|x64
		{45AA0517-7F7D-4F6C-B0B6-05012261B324}.AppStore|x64.Build.0 = Release|x64
		{45AA0517-7F7D-4F6C-B0B6-05012261B324}.AppStore|x64.Deploy.0 = Release|x64
		{45AA0517-7F7D-4F6C-B0B6-05012261B324}.AppStore|x86.ActiveCfg = Release|x86
		{45AA0517-7F7D-4F6C-B0B6-05012261B324}.AppStore|x86.Build.0 = Release|x86
		{45AA0517-7F7D-4F6C-B0B6-05012261B324}.AppStore|x86.Deploy.0 = Release|x86
		{45AA0517-7F7D-4F6C-B0B6-05012261B324}.Debug|Any CPU.ActiveCfg = Debug|x86
		{45AA0517-7F7D-4F6C-B0B6-05012261B324}.Debug|Any CPU.Build.0 = Debug|x86
		{45AA0517-7F7D-4F6C-B0B6-05012261B324}.Debug|Any CPU.Deploy.0 = Debug|x86
		{45AA0517-7F7D-4F6C-B0B6-05012261B324}.Debug|ARM.ActiveCfg = Debug|ARM
		{45AA0517-7F7D-4F6C-B0B6-05012261B324}.Debug|ARM.Build.0 = Debug|ARM
		{45AA0517-7F7D-4F6C-B0B6-05012261B324}.Debug|ARM.Deploy.0 = Debug|ARM
		{45AA0517-7F7D-4F6C-B0B6-05012261B324}.Debug|iPhone.ActiveCfg = Debug|x86
		{45AA0517-7F7D-4F6C-B0B6-05012261B324}.Debug|iPhone.Build.0 = Debug|x86
		{45AA0517-7F7D-4F6C-B0B6-05012261B324}.Debug|iPhone.Deploy.0 = Debug|x86
		{45AA0517-7F7D-4F6C-B0B6-05012261B324}.Debug|iPhoneSimulator.ActiveCfg = Debug|x86
		{45AA0517-7F7D-4F6C-B0B6-05012261B324}.Debug|iPhoneSimulator.Build.0 = Debug|x86
		{45AA0517-7F7D-4F6C-B0B6-05012261B324}.Debug|iPhoneSimulator.Deploy.0 = Debug|x86
		{45AA0517-7F7D-4F6C-B0B6-05012261B324}.Debug|x64.ActiveCfg = Debug|x64
		{45AA0517-7F7D-4F6C-B0B6-05012261B324}.Debug|x64.Build.0 = Debug|x64
		{45AA0517-7F7D-4F6C-B0B6-05012261B324}.Debug|x64.Deploy.0 = Debug|x64
		{45AA0517-7F7D-4F6C-B0B6-05012261B324}.Debug|x86.ActiveCfg = Debug|x86
		{45AA0517-7F7D-4F6C-B0B6-05012261B324}.Debug|x86.Build.0 = Debug|x86
		{45AA0517-7F7D-4F6C-B0B6-05012261B324}.Debug|x86.Deploy.0 = Debug|x86
		{45AA0517-7F7D-4F6C-B0B6-05012261B324}.Release|Any CPU.ActiveCfg = Release|x86
		{45AA0517-7F7D-4F6C-B0B6-05012261B324}.Release|Any CPU.Build.0 = Release|x86
		{45AA0517-7F7D-4F6C-B0B6-05012261B324}.Release|Any CPU.Deploy.0 = Release|x86
		{45AA0517-7F7D-4F6C-B0B6-05012261B324}.Release|ARM.ActiveCfg = Release|ARM
		{45AA0517-7F7D-4F6C-B0B6-05012261B324}.Release|ARM.Build.0 = Release|ARM
		{45AA0517-7F7D-4F6C-B0B6-05012261B324}.Release|ARM.Deploy.0 = Release|ARM
		{45AA0517-7F7D-4F6C-B0B6-05012261B324}.Release|iPhone.ActiveCfg = Release|x86
		{45AA0517-7F7D-4F6C-B0B6-05012261B324}.Release|iPhone.Build.0 = Release|x86
		{45AA0517-7F7D-4F6C-B0B6-05012261B324}.Release|iPhone.Deploy.0 = Release|x86
		{45AA0517-7F7D-4F6C-B0B6-05012261B324}.Release|iPhoneSimulator.ActiveCfg = Release|x86
		{45AA0517-7F7D-4F6C-B0B6-05012261B324}.Release|iPhoneSimulator.Build.0 = Release|x86
		{45AA0517-7F7D-4F6C-B0B6-05012261B324}.Release|iPhoneSimulator.Deploy.0 = Release|x86
		{45AA0517-7F7D-4F6C-B0B6-05012261B324}.Release|x64.ActiveCfg = Release|x64
		{45AA0517-7F7D-4F6C-B0B6-05012261B324}.Release|x64.Build.0 = Release|x64
		{45AA0517-7F7D-4F6C-B0B6-05012261B324}.Release|x64.Deploy.0 = Release|x64
		{45AA0517-7F7D-4F6C-B0B6-05012261B324}.Release|x86.ActiveCfg = Release|x86
		{45AA0517-7F7D-4F6C-B0B6-05012261B324}.Release|x86.Build.0 = Release|x86
		{45AA0517-7F7D-4F6C-B0B6-05012261B324}.Release|x86.Deploy.0 = Release|x86
		{FE4348CE-06C7-4A08-8EA5-A37849745652}.Ad-Hoc|Any CPU.ActiveCfg = Debug|Any CPU
		{FE4348CE-06C7-4A08-8EA5-A37849745652}.Ad-Hoc|Any CPU.Build.0 = Debug|Any CPU
		{FE4348CE-06C7-4A08-8EA5-A37849745652}.Ad-Hoc|Any CPU.Deploy.0 = Debug|Any CPU
		{FE4348CE-06C7-4A08-8EA5-A37849745652}.Ad-Hoc|ARM.ActiveCfg = Debug|Any CPU
		{FE4348CE-06C7-4A08-8EA5-A37849745652}.Ad-Hoc|ARM.Build.0 = Debug|Any CPU
		{FE4348CE-06C7-4A08-8EA5-A37849745652}.Ad-Hoc|ARM.Deploy.0 = Debug|Any CPU
		{FE4348CE-06C7-4A08-8EA5-A37849745652}.Ad-Hoc|iPhone.ActiveCfg = Debug|Any CPU
		{FE4348CE-06C7-4A08-8EA5-A37849745652}.Ad-Hoc|iPhone.Build.0 = Debug|Any CPU
		{FE4348CE-06C7-4A08-8EA5-A37849745652}.Ad-Hoc|iPhone.Deploy.0 = Debug|Any CPU
		{FE4348CE-06C7-4A08-8EA5-A37849745652}.Ad-Hoc|iPhoneSimulator.ActiveCfg = Debug|Any CPU
		{FE4348CE-06C7-4A08-8EA5-A37849745652}.Ad-Hoc|iPhoneSimulator.Build.0 = Debug|Any CPU
		{FE4348CE-06C7-4A08-8EA5-A37849745652}.Ad-Hoc|iPhoneSimulator.Deploy.0 = Debug|Any CPU
		{FE4348CE-06C7-4A08-8EA5-A37849745652}.Ad-Hoc|x64.ActiveCfg = Debug|Any CPU
		{FE4348CE-06C7-4A08-8EA5-A37849745652}.Ad-Hoc|x64.Build.0 = Debug|Any CPU
		{FE4348CE-06C7-4A08-8EA5-A37849745652}.Ad-Hoc|x64.Deploy.0 = Debug|Any CPU
		{FE4348CE-06C7-4A08-8EA5-A37849745652}.Ad-Hoc|x86.ActiveCfg = Debug|Any CPU
		{FE4348CE-06C7-4A08-8EA5-A37849745652}.Ad-Hoc|x86.Build.0 = Debug|Any CPU
		{FE4348CE-06C7-4A08-8EA5-A37849745652}.Ad-Hoc|x86.Deploy.0 = Debug|Any CPU
		{FE4348CE-06C7-4A08-8EA5-A37849745652}.AppStore|Any CPU.ActiveCfg = Debug|Any CPU
		{FE4348CE-06C7-4A08-8EA5-A37849745652}.AppStore|Any CPU.Build.0 = Debug|Any CPU
		{FE4348CE-06C7-4A08-8EA5-A37849745652}.AppStore|Any CPU.Deploy.0 = Debug|Any CPU
		{FE4348CE-06C7-4A08-8EA5-A37849745652}.AppStore|ARM.ActiveCfg = Debug|Any CPU
		{FE4348CE-06C7-4A08-8EA5-A37849745652}.AppStore|ARM.Build.0 = Debug|Any CPU
		{FE4348CE-06C7-4A08-8EA5-A37849745652}.AppStore|ARM.Deploy.0 = Debug|Any CPU
		{FE4348CE-06C7-4A08-8EA5-A37849745652}.AppStore|iPhone.ActiveCfg = Debug|Any CPU
		{FE4348CE-06C7-4A08-8EA5-A37849745652}.AppStore|iPhone.Build.0 = Debug|Any CPU
		{FE4348CE-06C7-4A08-8EA5-A37849745652}.AppStore|iPhone.Deploy.0 = Debug|Any CPU
		{FE4348CE-06C7-4A08-8EA5-A37849745652}.AppStore|iPhoneSimulator.ActiveCfg = Debug|Any CPU
		{FE4348CE-06C7-4A08-8EA5-A37849745652}.AppStore|iPhoneSimulator.Build.0 = Debug|Any CPU
		{FE4348CE-06C7-4A08-8EA5-A37849745652}.AppStore|iPhoneSimulator.Deploy.0 = Debug|Any CPU
		{FE4348CE-06C7-4A08-8EA5-A37849745652}.AppStore|x64.ActiveCfg = Debug|Any CPU
		{FE4348CE-06C7-4A08-8EA5-A37849745652}.AppStore|x64.Build.0 = Debug|Any CPU
		{FE4348CE-06C7-4A08-8EA5-A37849745652}.AppStore|x64.Deploy.0 = Debug|Any CPU
		{FE4348CE-06C7-4A08-8EA5-A37849745652}.AppStore|x86.ActiveCfg = Debug|Any CPU
		{FE4348CE-06C7-4A08-8EA5-A37849745652}.AppStore|x86.Build.0 = Debug|Any CPU
		{FE4348CE-06C7-4A08-8EA5-A37849745652}.AppStore|x86.Deploy.0 = Debug|Any CPU
		{FE4348CE-06C7-4A08-8EA5-A37849745652}.Debug|Any CPU.ActiveCfg = Debug|Any CPU
		{FE4348CE-06C7-4A08-8EA5-A37849745652}.Debug|Any CPU.Build.0 = Debug|Any CPU
		{FE4348CE-06C7-4A08-8EA5-A37849745652}.Debug|Any CPU.Deploy.0 = Debug|Any CPU
		{FE4348CE-06C7-4A08-8EA5-A37849745652}.Debug|ARM.ActiveCfg = Debug|Any CPU
		{FE4348CE-06C7-4A08-8EA5-A37849745652}.Debug|ARM.Build.0 = Debug|Any CPU
		{FE4348CE-06C7-4A08-8EA5-A37849745652}.Debug|ARM.Deploy.0 = Debug|Any CPU
		{FE4348CE-06C7-4A08-8EA5-A37849745652}.Debug|iPhone.ActiveCfg = Debug|Any CPU
		{FE4348CE-06C7-4A08-8EA5-A37849745652}.Debug|iPhone.Build.0 = Debug|Any CPU
		{FE4348CE-06C7-4A08-8EA5-A37849745652}.Debug|iPhone.Deploy.0 = Debug|Any CPU
		{FE4348CE-06C7-4A08-8EA5-A37849745652}.Debug|iPhoneSimulator.ActiveCfg = Debug|Any CPU
		{FE4348CE-06C7-4A08-8EA5-A37849745652}.Debug|iPhoneSimulator.Build.0 = Debug|Any CPU
		{FE4348CE-06C7-4A08-8EA5-A37849745652}.Debug|iPhoneSimulator.Deploy.0 = Debug|Any CPU
		{FE4348CE-06C7-4A08-8EA5-A37849745652}.Debug|x64.ActiveCfg = Debug|Any CPU
		{FE4348CE-06C7-4A08-8EA5-A37849745652}.Debug|x64.Build.0 = Debug|Any CPU
		{FE4348CE-06C7-4A08-8EA5-A37849745652}.Debug|x64.Deploy.0 = Debug|Any CPU
		{FE4348CE-06C7-4A08-8EA5-A37849745652}.Debug|x86.ActiveCfg = Debug|Any CPU
		{FE4348CE-06C7-4A08-8EA5-A37849745652}.Debug|x86.Build.0 = Debug|Any CPU
		{FE4348CE-06C7-4A08-8EA5-A37849745652}.Debug|x86.Deploy.0 = Debug|Any CPU
		{FE4348CE-06C7-4A08-8EA5-A37849745652}.Release|Any CPU.ActiveCfg = Release|Any CPU
		{FE4348CE-06C7-4A08-8EA5-A37849745652}.Release|Any CPU.Build.0 = Release|Any CPU
		{FE4348CE-06C7-4A08-8EA5-A37849745652}.Release|Any CPU.Deploy.0 = Release|Any CPU
		{FE4348CE-06C7-4A08-8EA5-A37849745652}.Release|ARM.ActiveCfg = Release|Any CPU
		{FE4348CE-06C7-4A08-8EA5-A37849745652}.Release|ARM.Build.0 = Release|Any CPU
		{FE4348CE-06C7-4A08-8EA5-A37849745652}.Release|ARM.Deploy.0 = Release|Any CPU
		{FE4348CE-06C7-4A08-8EA5-A37849745652}.Release|iPhone.ActiveCfg = Release|Any CPU
		{FE4348CE-06C7-4A08-8EA5-A37849745652}.Release|iPhone.Build.0 = Release|Any CPU
		{FE4348CE-06C7-4A08-8EA5-A37849745652}.Release|iPhone.Deploy.0 = Release|Any CPU
		{FE4348CE-06C7-4A08-8EA5-A37849745652}.Release|iPhoneSimulator.ActiveCfg = Release|Any CPU
		{FE4348CE-06C7-4A08-8EA5-A37849745652}.Release|iPhoneSimulator.Build.0 = Release|Any CPU
		{FE4348CE-06C7-4A08-8EA5-A37849745652}.Release|iPhoneSimulator.Deploy.0 = Release|Any CPU
		{FE4348CE-06C7-4A08-8EA5-A37849745652}.Release|x64.ActiveCfg = Release|Any CPU
		{FE4348CE-06C7-4A08-8EA5-A37849745652}.Release|x64.Build.0 = Release|Any CPU
		{FE4348CE-06C7-4A08-8EA5-A37849745652}.Release|x64.Deploy.0 = Release|Any CPU
		{FE4348CE-06C7-4A08-8EA5-A37849745652}.Release|x86.ActiveCfg = Release|Any CPU
		{FE4348CE-06C7-4A08-8EA5-A37849745652}.Release|x86.Build.0 = Release|Any CPU
		{FE4348CE-06C7-4A08-8EA5-A37849745652}.Release|x86.Deploy.0 = Release|Any CPU
	EndGlobalSection
	GlobalSection(SolutionProperties) = preSolution
		HideSolutionNode = FALSE
	EndGlobalSection
	GlobalSection(ExtensibilityGlobals) = postSolution
		SolutionGuid = {E3610112-AFA4-4F31-8013-D46033491C5B}
	EndGlobalSection
EndGlobal
